// !$*UTF8*$!
{
	archiveVersion = 1;
	classes = {
	};
	objectVersion = 46;
	objects = {

/* Begin PBXBuildFile section */
		30C33A091E9D6DBA000C4961 /* ViewController+ViewSources.swift in Sources */ = {isa = PBXBuildFile; fileRef = 30C33A081E9D6DBA000C4961 /* ViewController+ViewSources.swift */; };
		30D5BA5B1E9D555E00351FE5 /* AppDelegate.swift in Sources */ = {isa = PBXBuildFile; fileRef = 30D5BA4D1E9D555E00351FE5 /* AppDelegate.swift */; };
		30D5BA5C1E9D555E00351FE5 /* Assets.xcassets in Resources */ = {isa = PBXBuildFile; fileRef = 30D5BA4E1E9D555E00351FE5 /* Assets.xcassets */; };
		30D5BA5D1E9D555E00351FE5 /* LaunchScreen.storyboard in Resources */ = {isa = PBXBuildFile; fileRef = 30D5BA4F1E9D555E00351FE5 /* LaunchScreen.storyboard */; };
		30D5BA5E1E9D555E00351FE5 /* Main.storyboard in Resources */ = {isa = PBXBuildFile; fileRef = 30D5BA511E9D555E00351FE5 /* Main.storyboard */; };
		30D5BA661E9D555E00351FE5 /* ViewController.swift in Sources */ = {isa = PBXBuildFile; fileRef = 30D5BA5A1E9D555E00351FE5 /* ViewController.swift */; };
		30D5BA6F1E9D583C00351FE5 /* AppForm.framework in Frameworks */ = {isa = PBXBuildFile; fileRef = 30D5BA6E1E9D583C00351FE5 /* AppForm.framework */; };
		30D5BA701E9D583C00351FE5 /* AppForm.framework in Embed Frameworks */ = {isa = PBXBuildFile; fileRef = 30D5BA6E1E9D583C00351FE5 /* AppForm.framework */; settings = {ATTRIBUTES = (CodeSignOnCopy, RemoveHeadersOnCopy, ); }; };
		30D5BA781E9D5A3700351FE5 /* CenteredButtonFormCell.swift in Sources */ = {isa = PBXBuildFile; fileRef = 30D5BA721E9D5A3700351FE5 /* CenteredButtonFormCell.swift */; };
		30D5BA791E9D5A3700351FE5 /* CenteredButtonFormCell.xib in Resources */ = {isa = PBXBuildFile; fileRef = 30D5BA731E9D5A3700351FE5 /* CenteredButtonFormCell.xib */; };
		30D5BA7A1E9D5A3700351FE5 /* LabelFormCell.swift in Sources */ = {isa = PBXBuildFile; fileRef = 30D5BA741E9D5A3700351FE5 /* LabelFormCell.swift */; };
		30D5BA7B1E9D5A3700351FE5 /* LabelFormCell.xib in Resources */ = {isa = PBXBuildFile; fileRef = 30D5BA751E9D5A3700351FE5 /* LabelFormCell.xib */; };
		30D5BA7C1E9D5A3700351FE5 /* TextFieldFormCell.swift in Sources */ = {isa = PBXBuildFile; fileRef = 30D5BA761E9D5A3700351FE5 /* TextFieldFormCell.swift */; };
		30D5BA7D1E9D5A3700351FE5 /* TextFieldFormCell.xib in Resources */ = {isa = PBXBuildFile; fileRef = 30D5BA771E9D5A3700351FE5 /* TextFieldFormCell.xib */; };
/* End PBXBuildFile section */

/* Begin PBXCopyFilesBuildPhase section */
		30D5BA6D1E9D582100351FE5 /* Embed Frameworks */ = {
			isa = PBXCopyFilesBuildPhase;
			buildActionMask = 2147483647;
			dstPath = "";
			dstSubfolderSpec = 10;
			files = (
				30D5BA701E9D583C00351FE5 /* AppForm.framework in Embed Frameworks */,
			);
			name = "Embed Frameworks";
			runOnlyForDeploymentPostprocessing = 0;
		};
/* End PBXCopyFilesBuildPhase section */

/* Begin PBXFileReference section */
		302B71DC1E9B8EAA000672C0 /* TryAppForm.app */ = {isa = PBXFileReference; explicitFileType = wrapper.application; includeInIndex = 0; path = TryAppForm.app; sourceTree = BUILT_PRODUCTS_DIR; };
		30C33A081E9D6DBA000C4961 /* ViewController+ViewSources.swift */ = {isa = PBXFileReference; fileEncoding = 4; lastKnownFileType = sourcecode.swift; path = "ViewController+ViewSources.swift"; sourceTree = "<group>"; };
		30D5BA4D1E9D555E00351FE5 /* AppDelegate.swift */ = {isa = PBXFileReference; fileEncoding = 4; lastKnownFileType = sourcecode.swift; path = AppDelegate.swift; sourceTree = "<group>"; };
		30D5BA4E1E9D555E00351FE5 /* Assets.xcassets */ = {isa = PBXFileReference; lastKnownFileType = folder.assetcatalog; path = Assets.xcassets; sourceTree = "<group>"; };
		30D5BA501E9D555E00351FE5 /* Base */ = {isa = PBXFileReference; lastKnownFileType = file.storyboard; name = Base; path = Base.lproj/LaunchScreen.storyboard; sourceTree = "<group>"; };
		30D5BA521E9D555E00351FE5 /* Base */ = {isa = PBXFileReference; lastKnownFileType = file.storyboard; name = Base; path = Base.lproj/Main.storyboard; sourceTree = "<group>"; };
		30D5BA551E9D555E00351FE5 /* Info.plist */ = {isa = PBXFileReference; fileEncoding = 4; lastKnownFileType = text.plist.xml; path = Info.plist; sourceTree = "<group>"; };
		30D5BA5A1E9D555E00351FE5 /* ViewController.swift */ = {isa = PBXFileReference; fileEncoding = 4; lastKnownFileType = sourcecode.swift; path = ViewController.swift; sourceTree = "<group>"; };
		30D5BA6E1E9D583C00351FE5 /* AppForm.framework */ = {isa = PBXFileReference; explicitFileType = wrapper.framework; path = AppForm.framework; sourceTree = BUILT_PRODUCTS_DIR; };
		30D5BA721E9D5A3700351FE5 /* CenteredButtonFormCell.swift */ = {isa = PBXFileReference; fileEncoding = 4; lastKnownFileType = sourcecode.swift; path = CenteredButtonFormCell.swift; sourceTree = "<group>"; };
		30D5BA731E9D5A3700351FE5 /* CenteredButtonFormCell.xib */ = {isa = PBXFileReference; fileEncoding = 4; lastKnownFileType = file.xib; path = CenteredButtonFormCell.xib; sourceTree = "<group>"; };
		30D5BA741E9D5A3700351FE5 /* LabelFormCell.swift */ = {isa = PBXFileReference; fileEncoding = 4; lastKnownFileType = sourcecode.swift; path = LabelFormCell.swift; sourceTree = "<group>"; };
		30D5BA751E9D5A3700351FE5 /* LabelFormCell.xib */ = {isa = PBXFileReference; fileEncoding = 4; lastKnownFileType = file.xib; path = LabelFormCell.xib; sourceTree = "<group>"; };
		30D5BA761E9D5A3700351FE5 /* TextFieldFormCell.swift */ = {isa = PBXFileReference; fileEncoding = 4; lastKnownFileType = sourcecode.swift; path = TextFieldFormCell.swift; sourceTree = "<group>"; };
		30D5BA771E9D5A3700351FE5 /* TextFieldFormCell.xib */ = {isa = PBXFileReference; fileEncoding = 4; lastKnownFileType = file.xib; path = TextFieldFormCell.xib; sourceTree = "<group>"; };
/* End PBXFileReference section */

/* Begin PBXFrameworksBuildPhase section */
		302B71D91E9B8EAA000672C0 /* Frameworks */ = {
			isa = PBXFrameworksBuildPhase;
			buildActionMask = 2147483647;
			files = (
				30D5BA6F1E9D583C00351FE5 /* AppForm.framework in Frameworks */,
			);
			runOnlyForDeploymentPostprocessing = 0;
		};
/* End PBXFrameworksBuildPhase section */

/* Begin PBXGroup section */
		302B71D31E9B8EAA000672C0 = {
			isa = PBXGroup;
			children = (
				30D5BA6E1E9D583C00351FE5 /* AppForm.framework */,
				30D5BA4C1E9D555E00351FE5 /* TryAppForm */,
				302B71DD1E9B8EAA000672C0 /* Products */,
			);
			sourceTree = "<group>";
		};
		302B71DD1E9B8EAA000672C0 /* Products */ = {
			isa = PBXGroup;
			children = (
				302B71DC1E9B8EAA000672C0 /* TryAppForm.app */,
			);
			name = Products;
			sourceTree = "<group>";
		};
		30D5BA4C1E9D555E00351FE5 /* TryAppForm */ = {
			isa = PBXGroup;
			children = (
				30D5BA4D1E9D555E00351FE5 /* AppDelegate.swift */,
				30D5BA4E1E9D555E00351FE5 /* Assets.xcassets */,
				30D5BA4F1E9D555E00351FE5 /* LaunchScreen.storyboard */,
				30D5BA511E9D555E00351FE5 /* Main.storyboard */,
				30D5BA711E9D5A3700351FE5 /* Cells */,
				30D5BA551E9D555E00351FE5 /* Info.plist */,
				30D5BA5A1E9D555E00351FE5 /* ViewController.swift */,
				30C33A081E9D6DBA000C4961 /* ViewController+ViewSources.swift */,
			);
			path = TryAppForm;
			sourceTree = "<group>";
		};
		30D5BA711E9D5A3700351FE5 /* Cells */ = {
			isa = PBXGroup;
			children = (
				30D5BA721E9D5A3700351FE5 /* CenteredButtonFormCell.swift */,
				30D5BA731E9D5A3700351FE5 /* CenteredButtonFormCell.xib */,
				30D5BA741E9D5A3700351FE5 /* LabelFormCell.swift */,
				30D5BA751E9D5A3700351FE5 /* LabelFormCell.xib */,
				30D5BA761E9D5A3700351FE5 /* TextFieldFormCell.swift */,
				30D5BA771E9D5A3700351FE5 /* TextFieldFormCell.xib */,
			);
			path = Cells;
			sourceTree = "<group>";
		};
/* End PBXGroup section */

/* Begin PBXNativeTarget section */
		302B71DB1E9B8EAA000672C0 /* TryAppForm */ = {
			isa = PBXNativeTarget;
			buildConfigurationList = 302B71EE1E9B8EAA000672C0 /* Build configuration list for PBXNativeTarget "TryAppForm" */;
			buildPhases = (
				302B71D81E9B8EAA000672C0 /* Sources */,
				302B71D91E9B8EAA000672C0 /* Frameworks */,
				302B71DA1E9B8EAA000672C0 /* Resources */,
				30D5BA6D1E9D582100351FE5 /* Embed Frameworks */,
			);
			buildRules = (
			);
			dependencies = (
			);
			name = TryAppForm;
			productName = TryAppFormPod;
			productReference = 302B71DC1E9B8EAA000672C0 /* TryAppForm.app */;
			productType = "com.apple.product-type.application";
		};
/* End PBXNativeTarget section */

/* Begin PBXProject section */
		302B71D41E9B8EAA000672C0 /* Project object */ = {
			isa = PBXProject;
			attributes = {
				LastSwiftUpdateCheck = 0820;
				LastUpgradeCheck = 0820;
				ORGANIZATIONNAME = "Wirawit Rueopas";
				TargetAttributes = {
					302B71DB1E9B8EAA000672C0 = {
						CreatedOnToolsVersion = 8.2;
						DevelopmentTeam = C4JRFH5FHP;
						ProvisioningStyle = Automatic;
					};
				};
			};
			buildConfigurationList = 302B71D71E9B8EAA000672C0 /* Build configuration list for PBXProject "TryAppForm" */;
			compatibilityVersion = "Xcode 3.2";
			developmentRegion = English;
			hasScannedForEncodings = 0;
			knownRegions = (
				en,
				Base,
			);
			mainGroup = 302B71D31E9B8EAA000672C0;
			productRefGroup = 302B71DD1E9B8EAA000672C0 /* Products */;
			projectDirPath = "";
			projectRoot = "";
			targets = (
				302B71DB1E9B8EAA000672C0 /* TryAppForm */,
			);
		};
/* End PBXProject section */

/* Begin PBXResourcesBuildPhase section */
		302B71DA1E9B8EAA000672C0 /* Resources */ = {
			isa = PBXResourcesBuildPhase;
			buildActionMask = 2147483647;
			files = (
				30D5BA5E1E9D555E00351FE5 /* Main.storyboard in Resources */,
				30D5BA5C1E9D555E00351FE5 /* Assets.xcassets in Resources */,
				30D5BA791E9D5A3700351FE5 /* CenteredButtonFormCell.xib in Resources */,
				30D5BA7B1E9D5A3700351FE5 /* LabelFormCell.xib in Resources */,
				30D5BA7D1E9D5A3700351FE5 /* TextFieldFormCell.xib in Resources */,
				30D5BA5D1E9D555E00351FE5 /* LaunchScreen.storyboard in Resources */,
			);
			runOnlyForDeploymentPostprocessing = 0;
		};
/* End PBXResourcesBuildPhase section */

/* Begin PBXSourcesBuildPhase section */
		302B71D81E9B8EAA000672C0 /* Sources */ = {
			isa = PBXSourcesBuildPhase;
			buildActionMask = 2147483647;
			files = (
				30D5BA661E9D555E00351FE5 /* ViewController.swift in Sources */,
				30D5BA5B1E9D555E00351FE5 /* AppDelegate.swift in Sources */,
				30C33A091E9D6DBA000C4961 /* ViewController+ViewSources.swift in Sources */,
				30D5BA781E9D5A3700351FE5 /* CenteredButtonFormCell.swift in Sources */,
				30D5BA7A1E9D5A3700351FE5 /* LabelFormCell.swift in Sources */,
				30D5BA7C1E9D5A3700351FE5 /* TextFieldFormCell.swift in Sources */,
			);
			runOnlyForDeploymentPostprocessing = 0;
		};
/* End PBXSourcesBuildPhase section */

/* Begin PBXVariantGroup section */
		30D5BA4F1E9D555E00351FE5 /* LaunchScreen.storyboard */ = {
			isa = PBXVariantGroup;
			children = (
				30D5BA501E9D555E00351FE5 /* Base */,
			);
			name = LaunchScreen.storyboard;
			sourceTree = "<group>";
		};
		30D5BA511E9D555E00351FE5 /* Main.storyboard */ = {
			isa = PBXVariantGroup;
			children = (
				30D5BA521E9D555E00351FE5 /* Base */,
			);
			name = Main.storyboard;
			sourceTree = "<group>";
		};
/* End PBXVariantGroup section */

/* Begin XCBuildConfiguration section */
		302B71EC1E9B8EAA000672C0 /* Debug */ = {
			isa = XCBuildConfiguration;
			buildSettings = {
				ALWAYS_SEARCH_USER_PATHS = NO;
				CLANG_ANALYZER_NONNULL = YES;
				CLANG_CXX_LANGUAGE_STANDARD = "gnu++0x";
				CLANG_CXX_LIBRARY = "libc++";
				CLANG_ENABLE_MODULES = YES;
				CLANG_ENABLE_OBJC_ARC = YES;
				CLANG_WARN_BOOL_CONVERSION = YES;
				CLANG_WARN_CONSTANT_CONVERSION = YES;
				CLANG_WARN_DIRECT_OBJC_ISA_USAGE = YES_ERROR;
				CLANG_WARN_DOCUMENTATION_COMMENTS = YES;
				CLANG_WARN_EMPTY_BODY = YES;
				CLANG_WARN_ENUM_CONVERSION = YES;
				CLANG_WARN_INFINITE_RECURSION = YES;
				CLANG_WARN_INT_CONVERSION = YES;
				CLANG_WARN_OBJC_ROOT_CLASS = YES_ERROR;
				CLANG_WARN_SUSPICIOUS_MOVE = YES;
				CLANG_WARN_UNREACHABLE_CODE = YES;
				CLANG_WARN__DUPLICATE_METHOD_MATCH = YES;
				"CODE_SIGN_IDENTITY[sdk=iphoneos*]" = "iPhone Developer";
				COPY_PHASE_STRIP = NO;
				DEBUG_INFORMATION_FORMAT = dwarf;
				ENABLE_STRICT_OBJC_MSGSEND = YES;
				ENABLE_TESTABILITY = YES;
				GCC_C_LANGUAGE_STANDARD = gnu99;
				GCC_DYNAMIC_NO_PIC = NO;
				GCC_NO_COMMON_BLOCKS = YES;
				GCC_OPTIMIZATION_LEVEL = 0;
				GCC_PREPROCESSOR_DEFINITIONS = (
					"DEBUG=1",
					"$(inherited)",
				);
				GCC_WARN_64_TO_32_BIT_CONVERSION = YES;
				GCC_WARN_ABOUT_RETURN_TYPE = YES_ERROR;
				GCC_WARN_UNDECLARED_SELECTOR = YES;
				GCC_WARN_UNINITIALIZED_AUTOS = YES_AGGRESSIVE;
				GCC_WARN_UNUSED_FUNCTION = YES;
				GCC_WARN_UNUSED_VARIABLE = YES;
				IPHONEOS_DEPLOYMENT_TARGET = 9.0;
				MTL_ENABLE_DEBUG_INFO = YES;
				ONLY_ACTIVE_ARCH = YES;
				SDKROOT = iphoneos;
				SWIFT_ACTIVE_COMPILATION_CONDITIONS = DEBUG;
				SWIFT_OPTIMIZATION_LEVEL = "-Onone";
				TARGETED_DEVICE_FAMILY = "1,2";
			};
			name = Debug;
		};
		302B71ED1E9B8EAA000672C0 /* Release */ = {
			isa = XCBuildConfiguration;
			buildSettings = {
				ALWAYS_SEARCH_USER_PATHS = NO;
				CLANG_ANALYZER_NONNULL = YES;
				CLANG_CXX_LANGUAGE_STANDARD = "gnu++0x";
				CLANG_CXX_LIBRARY = "libc++";
				CLANG_ENABLE_MODULES = YES;
				CLANG_ENABLE_OBJC_ARC = YES;
				CLANG_WARN_BOOL_CONVERSION = YES;
				CLANG_WARN_CONSTANT_CONVERSION = YES;
				CLANG_WARN_DIRECT_OBJC_ISA_USAGE = YES_ERROR;
				CLANG_WARN_DOCUMENTATION_COMMENTS = YES;
				CLANG_WARN_EMPTY_BODY = YES;
				CLANG_WARN_ENUM_CONVERSION = YES;
				CLANG_WARN_INFINITE_RECURSION = YES;
				CLANG_WARN_INT_CONVERSION = YES;
				CLANG_WARN_OBJC_ROOT_CLASS = YES_ERROR;
				CLANG_WARN_SUSPICIOUS_MOVE = YES;
				CLANG_WARN_UNREACHABLE_CODE = YES;
				CLANG_WARN__DUPLICATE_METHOD_MATCH = YES;
				"CODE_SIGN_IDENTITY[sdk=iphoneos*]" = "iPhone Developer";
				COPY_PHASE_STRIP = NO;
				DEBUG_INFORMATION_FORMAT = "dwarf-with-dsym";
				ENABLE_NS_ASSERTIONS = NO;
				ENABLE_STRICT_OBJC_MSGSEND = YES;
				GCC_C_LANGUAGE_STANDARD = gnu99;
				GCC_NO_COMMON_BLOCKS = YES;
				GCC_WARN_64_TO_32_BIT_CONVERSION = YES;
				GCC_WARN_ABOUT_RETURN_TYPE = YES_ERROR;
				GCC_WARN_UNDECLARED_SELECTOR = YES;
				GCC_WARN_UNINITIALIZED_AUTOS = YES_AGGRESSIVE;
				GCC_WARN_UNUSED_FUNCTION = YES;
				GCC_WARN_UNUSED_VARIABLE = YES;
				IPHONEOS_DEPLOYMENT_TARGET = 9.0;
				MTL_ENABLE_DEBUG_INFO = NO;
				SDKROOT = iphoneos;
				SWIFT_OPTIMIZATION_LEVEL = "-Owholemodule";
				TARGETED_DEVICE_FAMILY = "1,2";
				VALIDATE_PRODUCT = YES;
			};
			name = Release;
		};
		302B71EF1E9B8EAA000672C0 /* Debug */ = {
			isa = XCBuildConfiguration;
			buildSettings = {
				ASSETCATALOG_COMPILER_APPICON_NAME = AppIcon;
				DEVELOPMENT_TEAM = C4JRFH5FHP;
				INFOPLIST_FILE = "$(SRCROOT)/TryAppForm/Info.plist";
				IPHONEOS_DEPLOYMENT_TARGET = 8.0;
				LD_RUNPATH_SEARCH_PATHS = "$(inherited) @executable_path/Frameworks";
				PRODUCT_BUNDLE_IDENTIFIER = com.aunwirawit.TryAppForm;
				PRODUCT_NAME = "$(TARGET_NAME)";
				SWIFT_VERSION = 3.0;
			};
			name = Debug;
		};
		302B71F01E9B8EAA000672C0 /* Release */ = {
			isa = XCBuildConfiguration;
			buildSettings = {
				ASSETCATALOG_COMPILER_APPICON_NAME = AppIcon;
				DEVELOPMENT_TEAM = C4JRFH5FHP;
				INFOPLIST_FILE = "$(SRCROOT)/TryAppForm/Info.plist";
				IPHONEOS_DEPLOYMENT_TARGET = 8.0;
				LD_RUNPATH_SEARCH_PATHS = "$(inherited) @executable_path/Frameworks";
				PRODUCT_BUNDLE_IDENTIFIER = com.aunwirawit.TryAppForm;
				PRODUCT_NAME = "$(TARGET_NAME)";
				SWIFT_VERSION = 3.0;
			};
			name = Release;
		};
/* End XCBuildConfiguration section */

/* Begin XCConfigurationList section */
		302B71D71E9B8EAA000672C0 /* Build configuration list for PBXProject "TryAppForm" */ = {
			isa = XCConfigurationList;
			buildConfigurations = (
				302B71EC1E9B8EAA000672C0 /* Debug */,
				302B71ED1E9B8EAA000672C0 /* Release */,
			);
			defaultConfigurationIsVisible = 0;
			defaultConfigurationName = Release;
		};
		302B71EE1E9B8EAA000672C0 /* Build configuration list for PBXNativeTarget "TryAppForm" */ = {
			isa = XCConfigurationList;
			buildConfigurations = (
				302B71EF1E9B8EAA000672C0 /* Debug */,
				302B71F01E9B8EAA000672C0 /* Release */,
			);
			defaultConfigurationIsVisible = 0;
			defaultConfigurationName = Release;
		};
/* End XCConfigurationList section */
	};
	rootObject = 302B71D41E9B8EAA000672C0 /* Project object */;
}
